
Microsoft Visual Studio Solution File, Format Version 12.00
# Visual Studio Version 16
VisualStudioVersion = 16.0.30717.126
MinimumVisualStudioVersion = 15.0.26124.0
Project("{9A19103F-16F7-4668-BE54-9A1E7A4F7556}") = "AdventOfCode.2020.Day01", "AdventOfCode.2020.Day01\AdventOfCode.2020.Day01.csproj", "{CAF85177-DD9A-4567-AD55-6D2FA5F78D55}"
EndProject
Project("{9A19103F-16F7-4668-BE54-9A1E7A4F7556}") = "AdventOfCode.2020.Day02", "AdventOfCode.2020.Day02\AdventOfCode.2020.Day02.csproj", "{1AA19AE8-EA67-4D63-BB54-EE7A6CB45471}"
EndProject
Project("{9A19103F-16F7-4668-BE54-9A1E7A4F7556}") = "AdventOfCode.2020.Day03", "AdventOfCode.2020.Day03\AdventOfCode.2020.Day03.csproj", "{B32DF273-67A9-46E4-8BB5-346844314D43}"
EndProject
Project("{9A19103F-16F7-4668-BE54-9A1E7A4F7556}") = "AdventOfCode.2020.Day04", "AdventOfCode.2020.Day04\AdventOfCode.2020.Day04.csproj", "{0AC04484-C62F-43B7-8E33-8B80CA2DCBFE}"
EndProject
Project("{9A19103F-16F7-4668-BE54-9A1E7A4F7556}") = "AdventOfCode.2020.Day05", "AdventOfCode.2020.Day05\AdventOfCode.2020.Day05.csproj", "{05C92FB0-F5FF-4D09-A099-CF5D104654D8}"
EndProject
Project("{9A19103F-16F7-4668-BE54-9A1E7A4F7556}") = "AdventOfCode.2020.Day06", "AdventOfCode.2020.Day06\AdventOfCode.2020.Day06.csproj", "{3C033A78-4749-4794-80C3-43F4039CB733}"
EndProject
Project("{2150E333-8FDC-42A3-9474-1A3956D46DE8}") = "2020", "2020", "{EEE223C1-5A9C-44B4-BF18-68E699F67424}"
EndProject
Project("{2150E333-8FDC-42A3-9474-1A3956D46DE8}") = "Files", "Files", "{B9EAE0B7-62E9-4F9E-A266-5E07284F78B7}"
	ProjectSection(SolutionItems) = preProject
		..\.gitignore = ..\.gitignore
		..\LICENSE = ..\LICENSE
		..\README.md = ..\README.md
	EndProjectSection
EndProject
Project("{9A19103F-16F7-4668-BE54-9A1E7A4F7556}") = "AdventOfCode.2020.Day07", "AdventOfCode.2020.Day07\AdventOfCode.2020.Day07.csproj", "{46F513B5-B6D4-4332-90BE-2ADC70D09DA3}"
EndProject
Project("{FAE04EC0-301F-11D3-BF4B-00C04F79EFBC}") = "AdventOfCode.2020.Day08", "AdventOfCode.2020.Day08\AdventOfCode.2020.Day08.csproj", "{4BFEEE7C-2A86-4CA2-8F52-6D37125FCCD3}"
EndProject
Global
	GlobalSection(SolutionConfigurationPlatforms) = preSolution
		Debug|Any CPU = Debug|Any CPU
		Debug|x64 = Debug|x64
		Debug|x86 = Debug|x86
		Release|Any CPU = Release|Any CPU
		Release|x64 = Release|x64
		Release|x86 = Release|x86
	EndGlobalSection
	GlobalSection(ProjectConfigurationPlatforms) = postSolution
		{CAF85177-DD9A-4567-AD55-6D2FA5F78D55}.Debug|Any CPU.ActiveCfg = Debug|Any CPU
		{CAF85177-DD9A-4567-AD55-6D2FA5F78D55}.Debug|Any CPU.Build.0 = Debug|Any CPU
		{CAF85177-DD9A-4567-AD55-6D2FA5F78D55}.Debug|x64.ActiveCfg = Debug|Any CPU
		{CAF85177-DD9A-4567-AD55-6D2FA5F78D55}.Debug|x64.Build.0 = Debug|Any CPU
		{CAF85177-DD9A-4567-AD55-6D2FA5F78D55}.Debug|x86.ActiveCfg = Debug|Any CPU
		{CAF85177-DD9A-4567-AD55-6D2FA5F78D55}.Debug|x86.Build.0 = Debug|Any CPU
		{CAF85177-DD9A-4567-AD55-6D2FA5F78D55}.Release|Any CPU.ActiveCfg = Release|Any CPU
		{CAF85177-DD9A-4567-AD55-6D2FA5F78D55}.Release|Any CPU.Build.0 = Release|Any CPU
		{CAF85177-DD9A-4567-AD55-6D2FA5F78D55}.Release|x64.ActiveCfg = Release|Any CPU
		{CAF85177-DD9A-4567-AD55-6D2FA5F78D55}.Release|x64.Build.0 = Release|Any CPU
		{CAF85177-DD9A-4567-AD55-6D2FA5F78D55}.Release|x86.ActiveCfg = Release|Any CPU
		{CAF85177-DD9A-4567-AD55-6D2FA5F78D55}.Release|x86.Build.0 = Release|Any CPU
		{1AA19AE8-EA67-4D63-BB54-EE7A6CB45471}.Debug|Any CPU.ActiveCfg = Debug|Any CPU
		{1AA19AE8-EA67-4D63-BB54-EE7A6CB45471}.Debug|Any CPU.Build.0 = Debug|Any CPU
		{1AA19AE8-EA67-4D63-BB54-EE7A6CB45471}.Debug|x64.ActiveCfg = Debug|Any CPU
		{1AA19AE8-EA67-4D63-BB54-EE7A6CB45471}.Debug|x64.Build.0 = Debug|Any CPU
		{1AA19AE8-EA67-4D63-BB54-EE7A6CB45471}.Debug|x86.ActiveCfg = Debug|Any CPU
		{1AA19AE8-EA67-4D63-BB54-EE7A6CB45471}.Debug|x86.Build.0 = Debug|Any CPU
		{1AA19AE8-EA67-4D63-BB54-EE7A6CB45471}.Release|Any CPU.ActiveCfg = Release|Any CPU
		{1AA19AE8-EA67-4D63-BB54-EE7A6CB45471}.Release|Any CPU.Build.0 = Release|Any CPU
		{1AA19AE8-EA67-4D63-BB54-EE7A6CB45471}.Release|x64.ActiveCfg = Release|Any CPU
		{1AA19AE8-EA67-4D63-BB54-EE7A6CB45471}.Release|x64.Build.0 = Release|Any CPU
		{1AA19AE8-EA67-4D63-BB54-EE7A6CB45471}.Release|x86.ActiveCfg = Release|Any CPU
		{1AA19AE8-EA67-4D63-BB54-EE7A6CB45471}.Release|x86.Build.0 = Release|Any CPU
		{B32DF273-67A9-46E4-8BB5-346844314D43}.Debug|Any CPU.ActiveCfg = Debug|Any CPU
		{B32DF273-67A9-46E4-8BB5-346844314D43}.Debug|Any CPU.Build.0 = Debug|Any CPU
		{B32DF273-67A9-46E4-8BB5-346844314D43}.Debug|x64.ActiveCfg = Debug|Any CPU
		{B32DF273-67A9-46E4-8BB5-346844314D43}.Debug|x64.Build.0 = Debug|Any CPU
		{B32DF273-67A9-46E4-8BB5-346844314D43}.Debug|x86.ActiveCfg = Debug|Any CPU
		{B32DF273-67A9-46E4-8BB5-346844314D43}.Debug|x86.Build.0 = Debug|Any CPU
		{B32DF273-67A9-46E4-8BB5-346844314D43}.Release|Any CPU.ActiveCfg = Release|Any CPU
		{B32DF273-67A9-46E4-8BB5-346844314D43}.Release|Any CPU.Build.0 = Release|Any CPU
		{B32DF273-67A9-46E4-8BB5-346844314D43}.Release|x64.ActiveCfg = Release|Any CPU
		{B32DF273-67A9-46E4-8BB5-346844314D43}.Release|x64.Build.0 = Release|Any CPU
		{B32DF273-67A9-46E4-8BB5-346844314D43}.Release|x86.ActiveCfg = Release|Any CPU
		{B32DF273-67A9-46E4-8BB5-346844314D43}.Release|x86.Build.0 = Release|Any CPU
		{0AC04484-C62F-43B7-8E33-8B80CA2DCBFE}.Debug|Any CPU.ActiveCfg = Debug|Any CPU
		{0AC04484-C62F-43B7-8E33-8B80CA2DCBFE}.Debug|Any CPU.Build.0 = Debug|Any CPU
		{0AC04484-C62F-43B7-8E33-8B80CA2DCBFE}.Debug|x64.ActiveCfg = Debug|Any CPU
		{0AC04484-C62F-43B7-8E33-8B80CA2DCBFE}.Debug|x64.Build.0 = Debug|Any CPU
		{0AC04484-C62F-43B7-8E33-8B80CA2DCBFE}.Debug|x86.ActiveCfg = Debug|Any CPU
		{0AC04484-C62F-43B7-8E33-8B80CA2DCBFE}.Debug|x86.Build.0 = Debug|Any CPU
		{0AC04484-C62F-43B7-8E33-8B80CA2DCBFE}.Release|Any CPU.ActiveCfg = Release|Any CPU
		{0AC04484-C62F-43B7-8E33-8B80CA2DCBFE}.Release|Any CPU.Build.0 = Release|Any CPU
		{0AC04484-C62F-43B7-8E33-8B80CA2DCBFE}.Release|x64.ActiveCfg = Release|Any CPU
		{0AC04484-C62F-43B7-8E33-8B80CA2DCBFE}.Release|x64.Build.0 = Release|Any CPU
		{0AC04484-C62F-43B7-8E33-8B80CA2DCBFE}.Release|x86.ActiveCfg = Release|Any CPU
		{0AC04484-C62F-43B7-8E33-8B80CA2DCBFE}.Release|x86.Build.0 = Release|Any CPU
		{05C92FB0-F5FF-4D09-A099-CF5D104654D8}.Debug|Any CPU.ActiveCfg = Debug|Any CPU
		{05C92FB0-F5FF-4D09-A099-CF5D104654D8}.Debug|Any CPU.Build.0 = Debug|Any CPU
		{05C92FB0-F5FF-4D09-A099-CF5D104654D8}.Debug|x64.ActiveCfg = Debug|Any CPU
		{05C92FB0-F5FF-4D09-A099-CF5D104654D8}.Debug|x64.Build.0 = Debug|Any CPU
		{05C92FB0-F5FF-4D09-A099-CF5D104654D8}.Debug|x86.ActiveCfg = Debug|Any CPU
		{05C92FB0-F5FF-4D09-A099-CF5D104654D8}.Debug|x86.Build.0 = Debug|Any CPU
		{05C92FB0-F5FF-4D09-A099-CF5D104654D8}.Release|Any CPU.ActiveCfg = Release|Any CPU
		{05C92FB0-F5FF-4D09-A099-CF5D104654D8}.Release|Any CPU.Build.0 = Release|Any CPU
		{05C92FB0-F5FF-4D09-A099-CF5D104654D8}.Release|x64.ActiveCfg = Release|Any CPU
		{05C92FB0-F5FF-4D09-A099-CF5D104654D8}.Release|x64.Build.0 = Release|Any CPU
		{05C92FB0-F5FF-4D09-A099-CF5D104654D8}.Release|x86.ActiveCfg = Release|Any CPU
		{05C92FB0-F5FF-4D09-A099-CF5D104654D8}.Release|x86.Build.0 = Release|Any CPU
		{3C033A78-4749-4794-80C3-43F4039CB733}.Debug|Any CPU.ActiveCfg = Debug|Any CPU
		{3C033A78-4749-4794-80C3-43F4039CB733}.Debug|Any CPU.Build.0 = Debug|Any CPU
		{3C033A78-4749-4794-80C3-43F4039CB733}.Debug|x64.ActiveCfg = Debug|Any CPU
		{3C033A78-4749-4794-80C3-43F4039CB733}.Debug|x64.Build.0 = Debug|Any CPU
		{3C033A78-4749-4794-80C3-43F4039CB733}.Debug|x86.ActiveCfg = Debug|Any CPU
		{3C033A78-4749-4794-80C3-43F4039CB733}.Debug|x86.Build.0 = Debug|Any CPU
		{3C033A78-4749-4794-80C3-43F4039CB733}.Release|Any CPU.ActiveCfg = Release|Any CPU
		{3C033A78-4749-4794-80C3-43F4039CB733}.Release|Any CPU.Build.0 = Release|Any CPU
		{3C033A78-4749-4794-80C3-43F4039CB733}.Release|x64.ActiveCfg = Release|Any CPU
		{3C033A78-4749-4794-80C3-43F4039CB733}.Release|x64.Build.0 = Release|Any CPU
		{3C033A78-4749-4794-80C3-43F4039CB733}.Release|x86.ActiveCfg = Release|Any CPU
		{3C033A78-4749-4794-80C3-43F4039CB733}.Release|x86.Build.0 = Release|Any CPU
		{46F513B5-B6D4-4332-90BE-2ADC70D09DA3}.Debug|Any CPU.ActiveCfg = Debug|Any CPU
		{46F513B5-B6D4-4332-90BE-2ADC70D09DA3}.Debug|Any CPU.Build.0 = Debug|Any CPU
		{46F513B5-B6D4-4332-90BE-2ADC70D09DA3}.Debug|x64.ActiveCfg = Debug|Any CPU
		{46F513B5-B6D4-4332-90BE-2ADC70D09DA3}.Debug|x64.Build.0 = Debug|Any CPU
		{46F513B5-B6D4-4332-90BE-2ADC70D09DA3}.Debug|x86.ActiveCfg = Debug|Any CPU
		{46F513B5-B6D4-4332-90BE-2ADC70D09DA3}.Debug|x86.Build.0 = Debug|Any CPU
		{46F513B5-B6D4-4332-90BE-2ADC70D09DA3}.Release|Any CPU.ActiveCfg = Release|Any CPU
		{46F513B5-B6D4-4332-90BE-2ADC70D09DA3}.Release|Any CPU.Build.0 = Release|Any CPU
		{46F513B5-B6D4-4332-90BE-2ADC70D09DA3}.Release|x64.ActiveCfg = Release|Any CPU
		{46F513B5-B6D4-4332-90BE-2ADC70D09DA3}.Release|x64.Build.0 = Release|Any CPU
		{46F513B5-B6D4-4332-90BE-2ADC70D09DA3}.Release|x86.ActiveCfg = Release|Any CPU
		{46F513B5-B6D4-4332-90BE-2ADC70D09DA3}.Release|x86.Build.0 = Release|Any CPU
		{4BFEEE7C-2A86-4CA2-8F52-6D37125FCCD3}.Debug|Any CPU.ActiveCfg = Debug|Any CPU
		{4BFEEE7C-2A86-4CA2-8F52-6D37125FCCD3}.Debug|Any CPU.Build.0 = Debug|Any CPU
		{4BFEEE7C-2A86-4CA2-8F52-6D37125FCCD3}.Debug|x64.ActiveCfg = Debug|Any CPU
		{4BFEEE7C-2A86-4CA2-8F52-6D37125FCCD3}.Debug|x64.Build.0 = Debug|Any CPU
		{4BFEEE7C-2A86-4CA2-8F52-6D37125FCCD3}.Debug|x86.ActiveCfg = Debug|Any CPU
		{4BFEEE7C-2A86-4CA2-8F52-6D37125FCCD3}.Debug|x86.Build.0 = Debug|Any CPU
		{4BFEEE7C-2A86-4CA2-8F52-6D37125FCCD3}.Release|Any CPU.ActiveCfg = Release|Any CPU
		{4BFEEE7C-2A86-4CA2-8F52-6D37125FCCD3}.Release|Any CPU.Build.0 = Release|Any CPU
		{4BFEEE7C-2A86-4CA2-8F52-6D37125FCCD3}.Release|x64.ActiveCfg = Release|Any CPU
		{4BFEEE7C-2A86-4CA2-8F52-6D37125FCCD3}.Release|x64.Build.0 = Release|Any CPU
		{4BFEEE7C-2A86-4CA2-8F52-6D37125FCCD3}.Release|x86.ActiveCfg = Release|Any CPU
		{4BFEEE7C-2A86-4CA2-8F52-6D37125FCCD3}.Release|x86.Build.0 = Release|Any CPU
	EndGlobalSection
	GlobalSection(SolutionProperties) = preSolution
		HideSolutionNode = FALSE
	EndGlobalSection
	GlobalSection(NestedProjects) = preSolution
		{CAF85177-DD9A-4567-AD55-6D2FA5F78D55} = {EEE223C1-5A9C-44B4-BF18-68E699F67424}
		{1AA19AE8-EA67-4D63-BB54-EE7A6CB45471} = {EEE223C1-5A9C-44B4-BF18-68E699F67424}
		{B32DF273-67A9-46E4-8BB5-346844314D43} = {EEE223C1-5A9C-44B4-BF18-68E699F67424}
		{0AC04484-C62F-43B7-8E33-8B80CA2DCBFE} = {EEE223C1-5A9C-44B4-BF18-68E699F67424}
		{05C92FB0-F5FF-4D09-A099-CF5D104654D8} = {EEE223C1-5A9C-44B4-BF18-68E699F67424}
		{3C033A78-4749-4794-80C3-43F4039CB733} = {EEE223C1-5A9C-44B4-BF18-68E699F67424}
		{46F513B5-B6D4-4332-90BE-2ADC70D09DA3} = {EEE223C1-5A9C-44B4-BF18-68E699F67424}
		{4BFEEE7C-2A86-4CA2-8F52-6D37125FCCD3} = {EEE223C1-5A9C-44B4-BF18-68E699F67424}
	EndGlobalSection
	GlobalSection(ExtensibilityGlobals) = postSolution
		SolutionGuid = {67C419AA-949C-4298-AE00-4CFC1D8EE00B}
	EndGlobalSection
EndGlobal
