
Microsoft Visual Studio Solution File, Format Version 12.00
# Visual Studio Version 16
VisualStudioVersion = 16.0.30717.126
MinimumVisualStudioVersion = 15.0.26124.0
Project("{9A19103F-16F7-4668-BE54-9A1E7A4F7556}") = "AdventOfCode.2020.Day01", "AdventOfCode.2020.Day01\AdventOfCode.2020.Day01.csproj", "{CAF85177-DD9A-4567-AD55-6D2FA5F78D55}"
EndProject
Project("{9A19103F-16F7-4668-BE54-9A1E7A4F7556}") = "AdventOfCode.2020.Day02", "AdventOfCode.2020.Day02\AdventOfCode.2020.Day02.csproj", "{1AA19AE8-EA67-4D63-BB54-EE7A6CB45471}"
EndProject
Project("{9A19103F-16F7-4668-BE54-9A1E7A4F7556}") = "AdventOfCode.2020.Day03", "AdventOfCode.2020.Day03\AdventOfCode.2020.Day03.csproj", "{B32DF273-67A9-46E4-8BB5-346844314D43}"
EndProject
Project("{9A19103F-16F7-4668-BE54-9A1E7A4F7556}") = "AdventOfCode.2020.Day04", "AdventOfCode.2020.Day04\AdventOfCode.2020.Day04.csproj", "{0AC04484-C62F-43B7-8E33-8B80CA2DCBFE}"
EndProject
Project("{9A19103F-16F7-4668-BE54-9A1E7A4F7556}") = "AdventOfCode.2020.Day05", "AdventOfCode.2020.Day05\AdventOfCode.2020.Day05.csproj", "{05C92FB0-F5FF-4D09-A099-CF5D104654D8}"
EndProject
Project("{9A19103F-16F7-4668-BE54-9A1E7A4F7556}") = "AdventOfCode.2020.Day06", "AdventOfCode.2020.Day06\AdventOfCode.2020.Day06.csproj", "{3C033A78-4749-4794-80C3-43F4039CB733}"
EndProject
Project("{2150E333-8FDC-42A3-9474-1A3956D46DE8}") = "2020", "2020", "{EEE223C1-5A9C-44B4-BF18-68E699F67424}"
EndProject
Project("{2150E333-8FDC-42A3-9474-1A3956D46DE8}") = "Files", "Files", "{B9EAE0B7-62E9-4F9E-A266-5E07284F78B7}"
	ProjectSection(SolutionItems) = preProject
		..\.gitignore = ..\.gitignore
		..\LICENSE = ..\LICENSE
		..\README.md = ..\README.md
	EndProjectSection
EndProject
Project("{9A19103F-16F7-4668-BE54-9A1E7A4F7556}") = "AdventOfCode.2020.Day07", "AdventOfCode.2020.Day07\AdventOfCode.2020.Day07.csproj", "{46F513B5-B6D4-4332-90BE-2ADC70D09DA3}"
EndProject
Project("{9A19103F-16F7-4668-BE54-9A1E7A4F7556}") = "AdventOfCode.2020.Day08", "AdventOfCode.2020.Day08\AdventOfCode.2020.Day08.csproj", "{4BFEEE7C-2A86-4CA2-8F52-6D37125FCCD3}"
EndProject
Project("{9A19103F-16F7-4668-BE54-9A1E7A4F7556}") = "AdventOfCode.2020.Day09", "AdventOfCode.2020.Day09\AdventOfCode.2020.Day09.csproj", "{4BC1751B-05F5-4DB0-A119-9731BB9E85C0}"
EndProject
Project("{9A19103F-16F7-4668-BE54-9A1E7A4F7556}") = "AdventOfCode.2020.Day10", "AdventOfCode.2020.Day10\AdventOfCode.2020.Day10.csproj", "{85763E95-55CD-415E-BF37-1F026599C195}"
EndProject
Project("{9A19103F-16F7-4668-BE54-9A1E7A4F7556}") = "AdventOfCode.2020.Day11", "AdventOfCode.2020.Day11\AdventOfCode.2020.Day11.csproj", "{5BAAF894-82BA-4CE5-8BDE-06AEF570E3F2}"
EndProject
Project("{9A19103F-16F7-4668-BE54-9A1E7A4F7556}") = "AdventOfCode.2020.Day12", "AdventOfCode.2020.Day12\AdventOfCode.2020.Day12.csproj", "{0DF0B68F-E789-4597-AA18-05EE251336F6}"
EndProject
Project("{9A19103F-16F7-4668-BE54-9A1E7A4F7556}") = "AdventOfCode.2020.Day13", "AdventOfCode.2020.Day13\AdventOfCode.2020.Day13.csproj", "{28715641-C6AC-4082-8805-5E0C86E4D694}"
EndProject
Project("{9A19103F-16F7-4668-BE54-9A1E7A4F7556}") = "AdventOfCode.2020.Day14", "AdventOfCode.2020.Day14\AdventOfCode.2020.Day14.csproj", "{FE60EF51-4B31-4C74-AE49-93B22DC67B3E}"
EndProject
Project("{9A19103F-16F7-4668-BE54-9A1E7A4F7556}") = "AdventOfCode.2020.Day15", "AdventOfCode.2020.Day15\AdventOfCode.2020.Day15.csproj", "{BDB9C352-A649-4B50-9395-DA9094613B21}"
EndProject
Project("{9A19103F-16F7-4668-BE54-9A1E7A4F7556}") = "AdventOfCode.2020.Day16", "AdventOfCode.2020.Day16\AdventOfCode.2020.Day16.csproj", "{C39A927E-15B2-4A57-BB03-5E094C71FD3E}"
EndProject
Project("{9A19103F-16F7-4668-BE54-9A1E7A4F7556}") = "AdventOfCode.2020.Day17", "AdventOfCode.2020.Day17\AdventOfCode.2020.Day17.csproj", "{C06B0894-790D-480A-AE0F-84F3EE3D672B}"
EndProject
Project("{9A19103F-16F7-4668-BE54-9A1E7A4F7556}") = "AdventOfCode.2020.Day18", "AdventOfCode.2020.Day18\AdventOfCode.2020.Day18.csproj", "{8C316E43-D718-4084-BEC8-27C1B9E5C055}"
EndProject
Global
	GlobalSection(SolutionConfigurationPlatforms) = preSolution
		Debug|Any CPU = Debug|Any CPU
		Debug|x64 = Debug|x64
		Debug|x86 = Debug|x86
		Release|Any CPU = Release|Any CPU
		Release|x64 = Release|x64
		Release|x86 = Release|x86
	EndGlobalSection
	GlobalSection(ProjectConfigurationPlatforms) = postSolution
		{CAF85177-DD9A-4567-AD55-6D2FA5F78D55}.Debug|Any CPU.ActiveCfg = Debug|Any CPU
		{CAF85177-DD9A-4567-AD55-6D2FA5F78D55}.Debug|Any CPU.Build.0 = Debug|Any CPU
		{CAF85177-DD9A-4567-AD55-6D2FA5F78D55}.Debug|x64.ActiveCfg = Debug|Any CPU
		{CAF85177-DD9A-4567-AD55-6D2FA5F78D55}.Debug|x64.Build.0 = Debug|Any CPU
		{CAF85177-DD9A-4567-AD55-6D2FA5F78D55}.Debug|x86.ActiveCfg = Debug|Any CPU
		{CAF85177-DD9A-4567-AD55-6D2FA5F78D55}.Debug|x86.Build.0 = Debug|Any CPU
		{CAF85177-DD9A-4567-AD55-6D2FA5F78D55}.Release|Any CPU.ActiveCfg = Release|Any CPU
		{CAF85177-DD9A-4567-AD55-6D2FA5F78D55}.Release|Any CPU.Build.0 = Release|Any CPU
		{CAF85177-DD9A-4567-AD55-6D2FA5F78D55}.Release|x64.ActiveCfg = Release|Any CPU
		{CAF85177-DD9A-4567-AD55-6D2FA5F78D55}.Release|x64.Build.0 = Release|Any CPU
		{CAF85177-DD9A-4567-AD55-6D2FA5F78D55}.Release|x86.ActiveCfg = Release|Any CPU
		{CAF85177-DD9A-4567-AD55-6D2FA5F78D55}.Release|x86.Build.0 = Release|Any CPU
		{1AA19AE8-EA67-4D63-BB54-EE7A6CB45471}.Debug|Any CPU.ActiveCfg = Debug|Any CPU
		{1AA19AE8-EA67-4D63-BB54-EE7A6CB45471}.Debug|Any CPU.Build.0 = Debug|Any CPU
		{1AA19AE8-EA67-4D63-BB54-EE7A6CB45471}.Debug|x64.ActiveCfg = Debug|Any CPU
		{1AA19AE8-EA67-4D63-BB54-EE7A6CB45471}.Debug|x64.Build.0 = Debug|Any CPU
		{1AA19AE8-EA67-4D63-BB54-EE7A6CB45471}.Debug|x86.ActiveCfg = Debug|Any CPU
		{1AA19AE8-EA67-4D63-BB54-EE7A6CB45471}.Debug|x86.Build.0 = Debug|Any CPU
		{1AA19AE8-EA67-4D63-BB54-EE7A6CB45471}.Release|Any CPU.ActiveCfg = Release|Any CPU
		{1AA19AE8-EA67-4D63-BB54-EE7A6CB45471}.Release|Any CPU.Build.0 = Release|Any CPU
		{1AA19AE8-EA67-4D63-BB54-EE7A6CB45471}.Release|x64.ActiveCfg = Release|Any CPU
		{1AA19AE8-EA67-4D63-BB54-EE7A6CB45471}.Release|x64.Build.0 = Release|Any CPU
		{1AA19AE8-EA67-4D63-BB54-EE7A6CB45471}.Release|x86.ActiveCfg = Release|Any CPU
		{1AA19AE8-EA67-4D63-BB54-EE7A6CB45471}.Release|x86.Build.0 = Release|Any CPU
		{B32DF273-67A9-46E4-8BB5-346844314D43}.Debug|Any CPU.ActiveCfg = Debug|Any CPU
		{B32DF273-67A9-46E4-8BB5-346844314D43}.Debug|Any CPU.Build.0 = Debug|Any CPU
		{B32DF273-67A9-46E4-8BB5-346844314D43}.Debug|x64.ActiveCfg = Debug|Any CPU
		{B32DF273-67A9-46E4-8BB5-346844314D43}.Debug|x64.Build.0 = Debug|Any CPU
		{B32DF273-67A9-46E4-8BB5-346844314D43}.Debug|x86.ActiveCfg = Debug|Any CPU
		{B32DF273-67A9-46E4-8BB5-346844314D43}.Debug|x86.Build.0 = Debug|Any CPU
		{B32DF273-67A9-46E4-8BB5-346844314D43}.Release|Any CPU.ActiveCfg = Release|Any CPU
		{B32DF273-67A9-46E4-8BB5-346844314D43}.Release|Any CPU.Build.0 = Release|Any CPU
		{B32DF273-67A9-46E4-8BB5-346844314D43}.Release|x64.ActiveCfg = Release|Any CPU
		{B32DF273-67A9-46E4-8BB5-346844314D43}.Release|x64.Build.0 = Release|Any CPU
		{B32DF273-67A9-46E4-8BB5-346844314D43}.Release|x86.ActiveCfg = Release|Any CPU
		{B32DF273-67A9-46E4-8BB5-346844314D43}.Release|x86.Build.0 = Release|Any CPU
		{0AC04484-C62F-43B7-8E33-8B80CA2DCBFE}.Debug|Any CPU.ActiveCfg = Debug|Any CPU
		{0AC04484-C62F-43B7-8E33-8B80CA2DCBFE}.Debug|Any CPU.Build.0 = Debug|Any CPU
		{0AC04484-C62F-43B7-8E33-8B80CA2DCBFE}.Debug|x64.ActiveCfg = Debug|Any CPU
		{0AC04484-C62F-43B7-8E33-8B80CA2DCBFE}.Debug|x64.Build.0 = Debug|Any CPU
		{0AC04484-C62F-43B7-8E33-8B80CA2DCBFE}.Debug|x86.ActiveCfg = Debug|Any CPU
		{0AC04484-C62F-43B7-8E33-8B80CA2DCBFE}.Debug|x86.Build.0 = Debug|Any CPU
		{0AC04484-C62F-43B7-8E33-8B80CA2DCBFE}.Release|Any CPU.ActiveCfg = Release|Any CPU
		{0AC04484-C62F-43B7-8E33-8B80CA2DCBFE}.Release|Any CPU.Build.0 = Release|Any CPU
		{0AC04484-C62F-43B7-8E33-8B80CA2DCBFE}.Release|x64.ActiveCfg = Release|Any CPU
		{0AC04484-C62F-43B7-8E33-8B80CA2DCBFE}.Release|x64.Build.0 = Release|Any CPU
		{0AC04484-C62F-43B7-8E33-8B80CA2DCBFE}.Release|x86.ActiveCfg = Release|Any CPU
		{0AC04484-C62F-43B7-8E33-8B80CA2DCBFE}.Release|x86.Build.0 = Release|Any CPU
		{05C92FB0-F5FF-4D09-A099-CF5D104654D8}.Debug|Any CPU.ActiveCfg = Debug|Any CPU
		{05C92FB0-F5FF-4D09-A099-CF5D104654D8}.Debug|Any CPU.Build.0 = Debug|Any CPU
		{05C92FB0-F5FF-4D09-A099-CF5D104654D8}.Debug|x64.ActiveCfg = Debug|Any CPU
		{05C92FB0-F5FF-4D09-A099-CF5D104654D8}.Debug|x64.Build.0 = Debug|Any CPU
		{05C92FB0-F5FF-4D09-A099-CF5D104654D8}.Debug|x86.ActiveCfg = Debug|Any CPU
		{05C92FB0-F5FF-4D09-A099-CF5D104654D8}.Debug|x86.Build.0 = Debug|Any CPU
		{05C92FB0-F5FF-4D09-A099-CF5D104654D8}.Release|Any CPU.ActiveCfg = Release|Any CPU
		{05C92FB0-F5FF-4D09-A099-CF5D104654D8}.Release|Any CPU.Build.0 = Release|Any CPU
		{05C92FB0-F5FF-4D09-A099-CF5D104654D8}.Release|x64.ActiveCfg = Release|Any CPU
		{05C92FB0-F5FF-4D09-A099-CF5D104654D8}.Release|x64.Build.0 = Release|Any CPU
		{05C92FB0-F5FF-4D09-A099-CF5D104654D8}.Release|x86.ActiveCfg = Release|Any CPU
		{05C92FB0-F5FF-4D09-A099-CF5D104654D8}.Release|x86.Build.0 = Release|Any CPU
		{3C033A78-4749-4794-80C3-43F4039CB733}.Debug|Any CPU.ActiveCfg = Debug|Any CPU
		{3C033A78-4749-4794-80C3-43F4039CB733}.Debug|Any CPU.Build.0 = Debug|Any CPU
		{3C033A78-4749-4794-80C3-43F4039CB733}.Debug|x64.ActiveCfg = Debug|Any CPU
		{3C033A78-4749-4794-80C3-43F4039CB733}.Debug|x64.Build.0 = Debug|Any CPU
		{3C033A78-4749-4794-80C3-43F4039CB733}.Debug|x86.ActiveCfg = Debug|Any CPU
		{3C033A78-4749-4794-80C3-43F4039CB733}.Debug|x86.Build.0 = Debug|Any CPU
		{3C033A78-4749-4794-80C3-43F4039CB733}.Release|Any CPU.ActiveCfg = Release|Any CPU
		{3C033A78-4749-4794-80C3-43F4039CB733}.Release|Any CPU.Build.0 = Release|Any CPU
		{3C033A78-4749-4794-80C3-43F4039CB733}.Release|x64.ActiveCfg = Release|Any CPU
		{3C033A78-4749-4794-80C3-43F4039CB733}.Release|x64.Build.0 = Release|Any CPU
		{3C033A78-4749-4794-80C3-43F4039CB733}.Release|x86.ActiveCfg = Release|Any CPU
		{3C033A78-4749-4794-80C3-43F4039CB733}.Release|x86.Build.0 = Release|Any CPU
		{46F513B5-B6D4-4332-90BE-2ADC70D09DA3}.Debug|Any CPU.ActiveCfg = Debug|Any CPU
		{46F513B5-B6D4-4332-90BE-2ADC70D09DA3}.Debug|Any CPU.Build.0 = Debug|Any CPU
		{46F513B5-B6D4-4332-90BE-2ADC70D09DA3}.Debug|x64.ActiveCfg = Debug|Any CPU
		{46F513B5-B6D4-4332-90BE-2ADC70D09DA3}.Debug|x64.Build.0 = Debug|Any CPU
		{46F513B5-B6D4-4332-90BE-2ADC70D09DA3}.Debug|x86.ActiveCfg = Debug|Any CPU
		{46F513B5-B6D4-4332-90BE-2ADC70D09DA3}.Debug|x86.Build.0 = Debug|Any CPU
		{46F513B5-B6D4-4332-90BE-2ADC70D09DA3}.Release|Any CPU.ActiveCfg = Release|Any CPU
		{46F513B5-B6D4-4332-90BE-2ADC70D09DA3}.Release|Any CPU.Build.0 = Release|Any CPU
		{46F513B5-B6D4-4332-90BE-2ADC70D09DA3}.Release|x64.ActiveCfg = Release|Any CPU
		{46F513B5-B6D4-4332-90BE-2ADC70D09DA3}.Release|x64.Build.0 = Release|Any CPU
		{46F513B5-B6D4-4332-90BE-2ADC70D09DA3}.Release|x86.ActiveCfg = Release|Any CPU
		{46F513B5-B6D4-4332-90BE-2ADC70D09DA3}.Release|x86.Build.0 = Release|Any CPU
		{4BFEEE7C-2A86-4CA2-8F52-6D37125FCCD3}.Debug|Any CPU.ActiveCfg = Debug|Any CPU
		{4BFEEE7C-2A86-4CA2-8F52-6D37125FCCD3}.Debug|Any CPU.Build.0 = Debug|Any CPU
		{4BFEEE7C-2A86-4CA2-8F52-6D37125FCCD3}.Debug|x64.ActiveCfg = Debug|Any CPU
		{4BFEEE7C-2A86-4CA2-8F52-6D37125FCCD3}.Debug|x64.Build.0 = Debug|Any CPU
		{4BFEEE7C-2A86-4CA2-8F52-6D37125FCCD3}.Debug|x86.ActiveCfg = Debug|Any CPU
		{4BFEEE7C-2A86-4CA2-8F52-6D37125FCCD3}.Debug|x86.Build.0 = Debug|Any CPU
		{4BFEEE7C-2A86-4CA2-8F52-6D37125FCCD3}.Release|Any CPU.ActiveCfg = Release|Any CPU
		{4BFEEE7C-2A86-4CA2-8F52-6D37125FCCD3}.Release|Any CPU.Build.0 = Release|Any CPU
		{4BFEEE7C-2A86-4CA2-8F52-6D37125FCCD3}.Release|x64.ActiveCfg = Release|Any CPU
		{4BFEEE7C-2A86-4CA2-8F52-6D37125FCCD3}.Release|x64.Build.0 = Release|Any CPU
		{4BFEEE7C-2A86-4CA2-8F52-6D37125FCCD3}.Release|x86.ActiveCfg = Release|Any CPU
		{4BFEEE7C-2A86-4CA2-8F52-6D37125FCCD3}.Release|x86.Build.0 = Release|Any CPU
		{4BC1751B-05F5-4DB0-A119-9731BB9E85C0}.Debug|Any CPU.ActiveCfg = Debug|Any CPU
		{4BC1751B-05F5-4DB0-A119-9731BB9E85C0}.Debug|Any CPU.Build.0 = Debug|Any CPU
		{4BC1751B-05F5-4DB0-A119-9731BB9E85C0}.Debug|x64.ActiveCfg = Debug|Any CPU
		{4BC1751B-05F5-4DB0-A119-9731BB9E85C0}.Debug|x64.Build.0 = Debug|Any CPU
		{4BC1751B-05F5-4DB0-A119-9731BB9E85C0}.Debug|x86.ActiveCfg = Debug|Any CPU
		{4BC1751B-05F5-4DB0-A119-9731BB9E85C0}.Debug|x86.Build.0 = Debug|Any CPU
		{4BC1751B-05F5-4DB0-A119-9731BB9E85C0}.Release|Any CPU.ActiveCfg = Release|Any CPU
		{4BC1751B-05F5-4DB0-A119-9731BB9E85C0}.Release|Any CPU.Build.0 = Release|Any CPU
		{4BC1751B-05F5-4DB0-A119-9731BB9E85C0}.Release|x64.ActiveCfg = Release|Any CPU
		{4BC1751B-05F5-4DB0-A119-9731BB9E85C0}.Release|x64.Build.0 = Release|Any CPU
		{4BC1751B-05F5-4DB0-A119-9731BB9E85C0}.Release|x86.ActiveCfg = Release|Any CPU
		{4BC1751B-05F5-4DB0-A119-9731BB9E85C0}.Release|x86.Build.0 = Release|Any CPU
		{85763E95-55CD-415E-BF37-1F026599C195}.Debug|Any CPU.ActiveCfg = Debug|Any CPU
		{85763E95-55CD-415E-BF37-1F026599C195}.Debug|Any CPU.Build.0 = Debug|Any CPU
		{85763E95-55CD-415E-BF37-1F026599C195}.Debug|x64.ActiveCfg = Debug|Any CPU
		{85763E95-55CD-415E-BF37-1F026599C195}.Debug|x64.Build.0 = Debug|Any CPU
		{85763E95-55CD-415E-BF37-1F026599C195}.Debug|x86.ActiveCfg = Debug|Any CPU
		{85763E95-55CD-415E-BF37-1F026599C195}.Debug|x86.Build.0 = Debug|Any CPU
		{85763E95-55CD-415E-BF37-1F026599C195}.Release|Any CPU.ActiveCfg = Release|Any CPU
		{85763E95-55CD-415E-BF37-1F026599C195}.Release|Any CPU.Build.0 = Release|Any CPU
		{85763E95-55CD-415E-BF37-1F026599C195}.Release|x64.ActiveCfg = Release|Any CPU
		{85763E95-55CD-415E-BF37-1F026599C195}.Release|x64.Build.0 = Release|Any CPU
		{85763E95-55CD-415E-BF37-1F026599C195}.Release|x86.ActiveCfg = Release|Any CPU
		{85763E95-55CD-415E-BF37-1F026599C195}.Release|x86.Build.0 = Release|Any CPU
		{5BAAF894-82BA-4CE5-8BDE-06AEF570E3F2}.Debug|Any CPU.ActiveCfg = Debug|Any CPU
		{5BAAF894-82BA-4CE5-8BDE-06AEF570E3F2}.Debug|Any CPU.Build.0 = Debug|Any CPU
		{5BAAF894-82BA-4CE5-8BDE-06AEF570E3F2}.Debug|x64.ActiveCfg = Debug|Any CPU
		{5BAAF894-82BA-4CE5-8BDE-06AEF570E3F2}.Debug|x64.Build.0 = Debug|Any CPU
		{5BAAF894-82BA-4CE5-8BDE-06AEF570E3F2}.Debug|x86.ActiveCfg = Debug|Any CPU
		{5BAAF894-82BA-4CE5-8BDE-06AEF570E3F2}.Debug|x86.Build.0 = Debug|Any CPU
		{5BAAF894-82BA-4CE5-8BDE-06AEF570E3F2}.Release|Any CPU.ActiveCfg = Release|Any CPU
		{5BAAF894-82BA-4CE5-8BDE-06AEF570E3F2}.Release|Any CPU.Build.0 = Release|Any CPU
		{5BAAF894-82BA-4CE5-8BDE-06AEF570E3F2}.Release|x64.ActiveCfg = Release|Any CPU
		{5BAAF894-82BA-4CE5-8BDE-06AEF570E3F2}.Release|x64.Build.0 = Release|Any CPU
		{5BAAF894-82BA-4CE5-8BDE-06AEF570E3F2}.Release|x86.ActiveCfg = Release|Any CPU
		{5BAAF894-82BA-4CE5-8BDE-06AEF570E3F2}.Release|x86.Build.0 = Release|Any CPU
		{0DF0B68F-E789-4597-AA18-05EE251336F6}.Debug|Any CPU.ActiveCfg = Debug|Any CPU
		{0DF0B68F-E789-4597-AA18-05EE251336F6}.Debug|Any CPU.Build.0 = Debug|Any CPU
		{0DF0B68F-E789-4597-AA18-05EE251336F6}.Debug|x64.ActiveCfg = Debug|Any CPU
		{0DF0B68F-E789-4597-AA18-05EE251336F6}.Debug|x64.Build.0 = Debug|Any CPU
		{0DF0B68F-E789-4597-AA18-05EE251336F6}.Debug|x86.ActiveCfg = Debug|Any CPU
		{0DF0B68F-E789-4597-AA18-05EE251336F6}.Debug|x86.Build.0 = Debug|Any CPU
		{0DF0B68F-E789-4597-AA18-05EE251336F6}.Release|Any CPU.ActiveCfg = Release|Any CPU
		{0DF0B68F-E789-4597-AA18-05EE251336F6}.Release|Any CPU.Build.0 = Release|Any CPU
		{0DF0B68F-E789-4597-AA18-05EE251336F6}.Release|x64.ActiveCfg = Release|Any CPU
		{0DF0B68F-E789-4597-AA18-05EE251336F6}.Release|x64.Build.0 = Release|Any CPU
		{0DF0B68F-E789-4597-AA18-05EE251336F6}.Release|x86.ActiveCfg = Release|Any CPU
		{0DF0B68F-E789-4597-AA18-05EE251336F6}.Release|x86.Build.0 = Release|Any CPU
		{28715641-C6AC-4082-8805-5E0C86E4D694}.Debug|Any CPU.ActiveCfg = Debug|Any CPU
		{28715641-C6AC-4082-8805-5E0C86E4D694}.Debug|Any CPU.Build.0 = Debug|Any CPU
		{28715641-C6AC-4082-8805-5E0C86E4D694}.Debug|x64.ActiveCfg = Debug|Any CPU
		{28715641-C6AC-4082-8805-5E0C86E4D694}.Debug|x64.Build.0 = Debug|Any CPU
		{28715641-C6AC-4082-8805-5E0C86E4D694}.Debug|x86.ActiveCfg = Debug|Any CPU
		{28715641-C6AC-4082-8805-5E0C86E4D694}.Debug|x86.Build.0 = Debug|Any CPU
		{28715641-C6AC-4082-8805-5E0C86E4D694}.Release|Any CPU.ActiveCfg = Release|Any CPU
		{28715641-C6AC-4082-8805-5E0C86E4D694}.Release|Any CPU.Build.0 = Release|Any CPU
		{28715641-C6AC-4082-8805-5E0C86E4D694}.Release|x64.ActiveCfg = Release|Any CPU
		{28715641-C6AC-4082-8805-5E0C86E4D694}.Release|x64.Build.0 = Release|Any CPU
		{28715641-C6AC-4082-8805-5E0C86E4D694}.Release|x86.ActiveCfg = Release|Any CPU
		{28715641-C6AC-4082-8805-5E0C86E4D694}.Release|x86.Build.0 = Release|Any CPU
		{FE60EF51-4B31-4C74-AE49-93B22DC67B3E}.Debug|Any CPU.ActiveCfg = Debug|Any CPU
		{FE60EF51-4B31-4C74-AE49-93B22DC67B3E}.Debug|Any CPU.Build.0 = Debug|Any CPU
		{FE60EF51-4B31-4C74-AE49-93B22DC67B3E}.Debug|x64.ActiveCfg = Debug|Any CPU
		{FE60EF51-4B31-4C74-AE49-93B22DC67B3E}.Debug|x64.Build.0 = Debug|Any CPU
		{FE60EF51-4B31-4C74-AE49-93B22DC67B3E}.Debug|x86.ActiveCfg = Debug|Any CPU
		{FE60EF51-4B31-4C74-AE49-93B22DC67B3E}.Debug|x86.Build.0 = Debug|Any CPU
		{FE60EF51-4B31-4C74-AE49-93B22DC67B3E}.Release|Any CPU.ActiveCfg = Release|Any CPU
		{FE60EF51-4B31-4C74-AE49-93B22DC67B3E}.Release|Any CPU.Build.0 = Release|Any CPU
		{FE60EF51-4B31-4C74-AE49-93B22DC67B3E}.Release|x64.ActiveCfg = Release|Any CPU
		{FE60EF51-4B31-4C74-AE49-93B22DC67B3E}.Release|x64.Build.0 = Release|Any CPU
		{FE60EF51-4B31-4C74-AE49-93B22DC67B3E}.Release|x86.ActiveCfg = Release|Any CPU
		{FE60EF51-4B31-4C74-AE49-93B22DC67B3E}.Release|x86.Build.0 = Release|Any CPU
		{BDB9C352-A649-4B50-9395-DA9094613B21}.Debug|Any CPU.ActiveCfg = Debug|Any CPU
		{BDB9C352-A649-4B50-9395-DA9094613B21}.Debug|Any CPU.Build.0 = Debug|Any CPU
		{BDB9C352-A649-4B50-9395-DA9094613B21}.Debug|x64.ActiveCfg = Debug|Any CPU
		{BDB9C352-A649-4B50-9395-DA9094613B21}.Debug|x64.Build.0 = Debug|Any CPU
		{BDB9C352-A649-4B50-9395-DA9094613B21}.Debug|x86.ActiveCfg = Debug|Any CPU
		{BDB9C352-A649-4B50-9395-DA9094613B21}.Debug|x86.Build.0 = Debug|Any CPU
		{BDB9C352-A649-4B50-9395-DA9094613B21}.Release|Any CPU.ActiveCfg = Release|Any CPU
		{BDB9C352-A649-4B50-9395-DA9094613B21}.Release|Any CPU.Build.0 = Release|Any CPU
		{BDB9C352-A649-4B50-9395-DA9094613B21}.Release|x64.ActiveCfg = Release|Any CPU
		{BDB9C352-A649-4B50-9395-DA9094613B21}.Release|x64.Build.0 = Release|Any CPU
		{BDB9C352-A649-4B50-9395-DA9094613B21}.Release|x86.ActiveCfg = Release|Any CPU
		{BDB9C352-A649-4B50-9395-DA9094613B21}.Release|x86.Build.0 = Release|Any CPU
		{C39A927E-15B2-4A57-BB03-5E094C71FD3E}.Debug|Any CPU.ActiveCfg = Debug|Any CPU
		{C39A927E-15B2-4A57-BB03-5E094C71FD3E}.Debug|Any CPU.Build.0 = Debug|Any CPU
		{C39A927E-15B2-4A57-BB03-5E094C71FD3E}.Debug|x64.ActiveCfg = Debug|Any CPU
		{C39A927E-15B2-4A57-BB03-5E094C71FD3E}.Debug|x64.Build.0 = Debug|Any CPU
		{C39A927E-15B2-4A57-BB03-5E094C71FD3E}.Debug|x86.ActiveCfg = Debug|Any CPU
		{C39A927E-15B2-4A57-BB03-5E094C71FD3E}.Debug|x86.Build.0 = Debug|Any CPU
		{C39A927E-15B2-4A57-BB03-5E094C71FD3E}.Release|Any CPU.ActiveCfg = Release|Any CPU
		{C39A927E-15B2-4A57-BB03-5E094C71FD3E}.Release|Any CPU.Build.0 = Release|Any CPU
		{C39A927E-15B2-4A57-BB03-5E094C71FD3E}.Release|x64.ActiveCfg = Release|Any CPU
		{C39A927E-15B2-4A57-BB03-5E094C71FD3E}.Release|x64.Build.0 = Release|Any CPU
		{C39A927E-15B2-4A57-BB03-5E094C71FD3E}.Release|x86.ActiveCfg = Release|Any CPU
		{C39A927E-15B2-4A57-BB03-5E094C71FD3E}.Release|x86.Build.0 = Release|Any CPU
		{C06B0894-790D-480A-AE0F-84F3EE3D672B}.Debug|Any CPU.ActiveCfg = Debug|Any CPU
		{C06B0894-790D-480A-AE0F-84F3EE3D672B}.Debug|Any CPU.Build.0 = Debug|Any CPU
		{C06B0894-790D-480A-AE0F-84F3EE3D672B}.Debug|x64.ActiveCfg = Debug|Any CPU
		{C06B0894-790D-480A-AE0F-84F3EE3D672B}.Debug|x64.Build.0 = Debug|Any CPU
		{C06B0894-790D-480A-AE0F-84F3EE3D672B}.Debug|x86.ActiveCfg = Debug|Any CPU
		{C06B0894-790D-480A-AE0F-84F3EE3D672B}.Debug|x86.Build.0 = Debug|Any CPU
		{C06B0894-790D-480A-AE0F-84F3EE3D672B}.Release|Any CPU.ActiveCfg = Release|Any CPU
		{C06B0894-790D-480A-AE0F-84F3EE3D672B}.Release|Any CPU.Build.0 = Release|Any CPU
		{C06B0894-790D-480A-AE0F-84F3EE3D672B}.Release|x64.ActiveCfg = Release|Any CPU
		{C06B0894-790D-480A-AE0F-84F3EE3D672B}.Release|x64.Build.0 = Release|Any CPU
		{C06B0894-790D-480A-AE0F-84F3EE3D672B}.Release|x86.ActiveCfg = Release|Any CPU
		{C06B0894-790D-480A-AE0F-84F3EE3D672B}.Release|x86.Build.0 = Release|Any CPU
		{8C316E43-D718-4084-BEC8-27C1B9E5C055}.Debug|Any CPU.ActiveCfg = Debug|Any CPU
		{8C316E43-D718-4084-BEC8-27C1B9E5C055}.Debug|Any CPU.Build.0 = Debug|Any CPU
		{8C316E43-D718-4084-BEC8-27C1B9E5C055}.Debug|x64.ActiveCfg = Debug|Any CPU
		{8C316E43-D718-4084-BEC8-27C1B9E5C055}.Debug|x64.Build.0 = Debug|Any CPU
		{8C316E43-D718-4084-BEC8-27C1B9E5C055}.Debug|x86.ActiveCfg = Debug|Any CPU
		{8C316E43-D718-4084-BEC8-27C1B9E5C055}.Debug|x86.Build.0 = Debug|Any CPU
		{8C316E43-D718-4084-BEC8-27C1B9E5C055}.Release|Any CPU.ActiveCfg = Release|Any CPU
		{8C316E43-D718-4084-BEC8-27C1B9E5C055}.Release|Any CPU.Build.0 = Release|Any CPU
		{8C316E43-D718-4084-BEC8-27C1B9E5C055}.Release|x64.ActiveCfg = Release|Any CPU
		{8C316E43-D718-4084-BEC8-27C1B9E5C055}.Release|x64.Build.0 = Release|Any CPU
		{8C316E43-D718-4084-BEC8-27C1B9E5C055}.Release|x86.ActiveCfg = Release|Any CPU
		{8C316E43-D718-4084-BEC8-27C1B9E5C055}.Release|x86.Build.0 = Release|Any CPU
	EndGlobalSection
	GlobalSection(SolutionProperties) = preSolution
		HideSolutionNode = FALSE
	EndGlobalSection
	GlobalSection(NestedProjects) = preSolution
		{CAF85177-DD9A-4567-AD55-6D2FA5F78D55} = {EEE223C1-5A9C-44B4-BF18-68E699F67424}
		{1AA19AE8-EA67-4D63-BB54-EE7A6CB45471} = {EEE223C1-5A9C-44B4-BF18-68E699F67424}
		{B32DF273-67A9-46E4-8BB5-346844314D43} = {EEE223C1-5A9C-44B4-BF18-68E699F67424}
		{0AC04484-C62F-43B7-8E33-8B80CA2DCBFE} = {EEE223C1-5A9C-44B4-BF18-68E699F67424}
		{05C92FB0-F5FF-4D09-A099-CF5D104654D8} = {EEE223C1-5A9C-44B4-BF18-68E699F67424}
		{3C033A78-4749-4794-80C3-43F4039CB733} = {EEE223C1-5A9C-44B4-BF18-68E699F67424}
		{46F513B5-B6D4-4332-90BE-2ADC70D09DA3} = {EEE223C1-5A9C-44B4-BF18-68E699F67424}
		{4BFEEE7C-2A86-4CA2-8F52-6D37125FCCD3} = {EEE223C1-5A9C-44B4-BF18-68E699F67424}
		{4BC1751B-05F5-4DB0-A119-9731BB9E85C0} = {EEE223C1-5A9C-44B4-BF18-68E699F67424}
		{85763E95-55CD-415E-BF37-1F026599C195} = {EEE223C1-5A9C-44B4-BF18-68E699F67424}
		{5BAAF894-82BA-4CE5-8BDE-06AEF570E3F2} = {EEE223C1-5A9C-44B4-BF18-68E699F67424}
		{0DF0B68F-E789-4597-AA18-05EE251336F6} = {EEE223C1-5A9C-44B4-BF18-68E699F67424}
		{28715641-C6AC-4082-8805-5E0C86E4D694} = {EEE223C1-5A9C-44B4-BF18-68E699F67424}
		{FE60EF51-4B31-4C74-AE49-93B22DC67B3E} = {EEE223C1-5A9C-44B4-BF18-68E699F67424}
		{BDB9C352-A649-4B50-9395-DA9094613B21} = {EEE223C1-5A9C-44B4-BF18-68E699F67424}
		{C39A927E-15B2-4A57-BB03-5E094C71FD3E} = {EEE223C1-5A9C-44B4-BF18-68E699F67424}
		{C06B0894-790D-480A-AE0F-84F3EE3D672B} = {EEE223C1-5A9C-44B4-BF18-68E699F67424}
		{8C316E43-D718-4084-BEC8-27C1B9E5C055} = {EEE223C1-5A9C-44B4-BF18-68E699F67424}
	EndGlobalSection
	GlobalSection(ExtensibilityGlobals) = postSolution
		SolutionGuid = {67C419AA-949C-4298-AE00-4CFC1D8EE00B}
	EndGlobalSection
EndGlobal
